
Microsoft Visual Studio Solution File, Format Version 12.00
# Visual Studio Version 16
VisualStudioVersion = 25.0.1706.7
MinimumVisualStudioVersion = 10.0.40219.1
Project("{FAE04EC0-301F-11D3-BF4B-00C04F79EFBC}") = "find-gym", "find-gym\find-gym.csproj", "{A1220747-1006-4A81-853D-D3E4D8946D6C}"
EndProject
Global
	GlobalSection(SolutionConfigurationPlatforms) = preSolution
		Debug|Any CPU = Debug|Any CPU
		Release|Any CPU = Release|Any CPU
	EndGlobalSection
	GlobalSection(ProjectConfigurationPlatforms) = postSolution
		{A1220747-1006-4A81-853D-D3E4D8946D6C}.Debug|Any CPU.ActiveCfg = Debug|Any CPU
		{A1220747-1006-4A81-853D-D3E4D8946D6C}.Debug|Any CPU.Build.0 = Debug|Any CPU
		{A1220747-1006-4A81-853D-D3E4D8946D6C}.Release|Any CPU.ActiveCfg = Release|Any CPU
		{A1220747-1006-4A81-853D-D3E4D8946D6C}.Release|Any CPU.Build.0 = Release|Any CPU
	EndGlobalSection
	GlobalSection(SolutionProperties) = preSolution
		HideSolutionNode = FALSE
	EndGlobalSection
	GlobalSection(ExtensibilityGlobals) = postSolution
		SolutionGuid = {7CF4B187-8835-4720-86BC-2C76F5E5D01A}
	EndGlobalSection
EndGlobal
